
Microsoft Visual Studio Solution File, Format Version 12.00
# Visual Studio 15
VisualStudioVersion = 15.0.27130.2024
MinimumVisualStudioVersion = 10.0.40219.1
Project("{FAE04EC0-301F-11D3-BF4B-00C04F79EFBC}") = "WebApplication1", "WebApplication1\WebApplication1.csproj", "{F197474C-C980-4972-8DD5-C5E35464F791}"
EndProject
Global
	GlobalSection(SolutionConfigurationPlatforms) = preSolution
		Debug|Any CPU = Debug|Any CPU
		Release|Any CPU = Release|Any CPU
	EndGlobalSection
	GlobalSection(ProjectConfigurationPlatforms) = postSolution
		{F197474C-C980-4972-8DD5-C5E35464F791}.Debug|Any CPU.ActiveCfg = Debug|Any CPU
		{F197474C-C980-4972-8DD5-C5E35464F791}.Debug|Any CPU.Build.0 = Debug|Any CPU
		{F197474C-C980-4972-8DD5-C5E35464F791}.Release|Any CPU.ActiveCfg = Release|Any CPU
		{F197474C-C980-4972-8DD5-C5E35464F791}.Release|Any CPU.Build.0 = Release|Any CPU
	EndGlobalSection
	GlobalSection(SolutionProperties) = preSolution
		HideSolutionNode = FALSE
	EndGlobalSection
	GlobalSection(ExtensibilityGlobals) = postSolution
		SolutionGuid = {164B8ACB-DA73-4C00-A11B-AA4C1E260D8E}
	EndGlobalSection
EndGlobal
